
Microsoft Visual Studio Solution File, Format Version 12.00
# Visual Studio Version 16
VisualStudioVersion = 16.0.29418.71
MinimumVisualStudioVersion = 10.0.40219.1
Project("{9A19103F-16F7-4668-BE54-9A1E7A4F7556}") = "CollectionsBenchmark", "CollectionsBenchmark\CollectionsBenchmark.csproj", "{B41139E7-4B59-46E9-B101-747F75A5D50C}"
EndProject
Project("{9A19103F-16F7-4668-BE54-9A1E7A4F7556}") = "CS_Collections_benchmark", "CS_Collections_benchmark\CS_Collections_benchmark.csproj", "{20AD0C1A-C051-4E6F-9AAC-2FBD58C0B0DE}"
EndProject
Project("{8BC9CEB8-8B4A-11D0-8D11-00A0C91BC942}") = "Cpp_Collections_benchmark", "Cpp_Collections_benchmark\Cpp_Collections_benchmark.vcxproj", "{6BD2E2E8-00EF-4859-8663-AE75EC4126D0}"
EndProject
Project("{888888A0-9F3D-457C-B088-3A5042F75D52}") = "Python_Collections_benchmark", "Python_Collections_benchmark\Python_Collections_benchmark.pyproj", "{D7DAA197-2B59-42ED-B7DB-41BFA3E4DB44}"
EndProject
Global
	GlobalSection(SolutionConfigurationPlatforms) = preSolution
		Debug|Any CPU = Debug|Any CPU
		Debug|x64 = Debug|x64
		Debug|x86 = Debug|x86
		Release|Any CPU = Release|Any CPU
		Release|x64 = Release|x64
		Release|x86 = Release|x86
	EndGlobalSection
	GlobalSection(ProjectConfigurationPlatforms) = postSolution
		{B41139E7-4B59-46E9-B101-747F75A5D50C}.Debug|Any CPU.ActiveCfg = Debug|Any CPU
		{B41139E7-4B59-46E9-B101-747F75A5D50C}.Debug|Any CPU.Build.0 = Debug|Any CPU
		{B41139E7-4B59-46E9-B101-747F75A5D50C}.Debug|x64.ActiveCfg = Debug|Any CPU
		{B41139E7-4B59-46E9-B101-747F75A5D50C}.Debug|x64.Build.0 = Debug|Any CPU
		{B41139E7-4B59-46E9-B101-747F75A5D50C}.Debug|x86.ActiveCfg = Debug|Any CPU
		{B41139E7-4B59-46E9-B101-747F75A5D50C}.Debug|x86.Build.0 = Debug|Any CPU
		{B41139E7-4B59-46E9-B101-747F75A5D50C}.Release|Any CPU.ActiveCfg = Release|Any CPU
		{B41139E7-4B59-46E9-B101-747F75A5D50C}.Release|Any CPU.Build.0 = Release|Any CPU
		{B41139E7-4B59-46E9-B101-747F75A5D50C}.Release|x64.ActiveCfg = Release|Any CPU
		{B41139E7-4B59-46E9-B101-747F75A5D50C}.Release|x64.Build.0 = Release|Any CPU
		{B41139E7-4B59-46E9-B101-747F75A5D50C}.Release|x86.ActiveCfg = Release|Any CPU
		{B41139E7-4B59-46E9-B101-747F75A5D50C}.Release|x86.Build.0 = Release|Any CPU
		{20AD0C1A-C051-4E6F-9AAC-2FBD58C0B0DE}.Debug|Any CPU.ActiveCfg = Debug|Any CPU
		{20AD0C1A-C051-4E6F-9AAC-2FBD58C0B0DE}.Debug|Any CPU.Build.0 = Debug|Any CPU
		{20AD0C1A-C051-4E6F-9AAC-2FBD58C0B0DE}.Debug|x64.ActiveCfg = Debug|Any CPU
		{20AD0C1A-C051-4E6F-9AAC-2FBD58C0B0DE}.Debug|x64.Build.0 = Debug|Any CPU
		{20AD0C1A-C051-4E6F-9AAC-2FBD58C0B0DE}.Debug|x86.ActiveCfg = Debug|Any CPU
		{20AD0C1A-C051-4E6F-9AAC-2FBD58C0B0DE}.Debug|x86.Build.0 = Debug|Any CPU
		{20AD0C1A-C051-4E6F-9AAC-2FBD58C0B0DE}.Release|Any CPU.ActiveCfg = Release|Any CPU
		{20AD0C1A-C051-4E6F-9AAC-2FBD58C0B0DE}.Release|Any CPU.Build.0 = Release|Any CPU
		{20AD0C1A-C051-4E6F-9AAC-2FBD58C0B0DE}.Release|x64.ActiveCfg = Release|Any CPU
		{20AD0C1A-C051-4E6F-9AAC-2FBD58C0B0DE}.Release|x64.Build.0 = Release|Any CPU
		{20AD0C1A-C051-4E6F-9AAC-2FBD58C0B0DE}.Release|x86.ActiveCfg = Release|Any CPU
		{20AD0C1A-C051-4E6F-9AAC-2FBD58C0B0DE}.Release|x86.Build.0 = Release|Any CPU
		{6BD2E2E8-00EF-4859-8663-AE75EC4126D0}.Debug|Any CPU.ActiveCfg = Debug|Win32
		{6BD2E2E8-00EF-4859-8663-AE75EC4126D0}.Debug|x64.ActiveCfg = Debug|x64
		{6BD2E2E8-00EF-4859-8663-AE75EC4126D0}.Debug|x64.Build.0 = Debug|x64
		{6BD2E2E8-00EF-4859-8663-AE75EC4126D0}.Debug|x86.ActiveCfg = Debug|Win32
		{6BD2E2E8-00EF-4859-8663-AE75EC4126D0}.Debug|x86.Build.0 = Debug|Win32
		{6BD2E2E8-00EF-4859-8663-AE75EC4126D0}.Release|Any CPU.ActiveCfg = Release|Win32
		{6BD2E2E8-00EF-4859-8663-AE75EC4126D0}.Release|x64.ActiveCfg = Release|x64
		{6BD2E2E8-00EF-4859-8663-AE75EC4126D0}.Release|x64.Build.0 = Release|x64
		{6BD2E2E8-00EF-4859-8663-AE75EC4126D0}.Release|x86.ActiveCfg = Release|Win32
		{6BD2E2E8-00EF-4859-8663-AE75EC4126D0}.Release|x86.Build.0 = Release|Win32
		{D7DAA197-2B59-42ED-B7DB-41BFA3E4DB44}.Debug|Any CPU.ActiveCfg = Debug|Any CPU
		{D7DAA197-2B59-42ED-B7DB-41BFA3E4DB44}.Debug|x64.ActiveCfg = Debug|Any CPU
		{D7DAA197-2B59-42ED-B7DB-41BFA3E4DB44}.Debug|x86.ActiveCfg = Debug|Any CPU
		{D7DAA197-2B59-42ED-B7DB-41BFA3E4DB44}.Release|Any CPU.ActiveCfg = Release|Any CPU
		{D7DAA197-2B59-42ED-B7DB-41BFA3E4DB44}.Release|x64.ActiveCfg = Release|Any CPU
		{D7DAA197-2B59-42ED-B7DB-41BFA3E4DB44}.Release|x86.ActiveCfg = Release|Any CPU
	EndGlobalSection
	GlobalSection(SolutionProperties) = preSolution
		HideSolutionNode = FALSE
	EndGlobalSection
	GlobalSection(ExtensibilityGlobals) = postSolution
		SolutionGuid = {5EB80C41-AE42-4C2C-AC35-870E766D427B}
	EndGlobalSection
EndGlobal
